
Microsoft Visual Studio Solution File, Format Version 12.00
# Visual Studio Version 17
VisualStudioVersion = 17.0.31903.59
MinimumVisualStudioVersion = 10.0.40219.1
Project("{2150E333-8FDC-42A3-9474-1A3956D46DE8}") = "src", "src", "{C109DC4E-B201-4DF7-A455-3FCB7402BA0D}"
EndProject
Project("{FAE04EC0-301F-11D3-BF4B-00C04F79EFBC}") = "DataverseExporter.Core", "src\DataverseExporter.Core\DataverseExporter.Core.csproj", "{D4830484-2DFB-4D87-BB81-6BFFDBF8D217}"
EndProject
Project("{FAE04EC0-301F-11D3-BF4B-00C04F79EFBC}") = "DataverseExporter.SqlServer", "src\DataverseExporter.SqlServer\DataverseExporter.SqlServer.csproj", "{E5EA24AC-9A12-4274-8C84-9791D699FA85}"
EndProject
Project("{FAE04EC0-301F-11D3-BF4B-00C04F79EFBC}") = "DataverseExporter.Cli", "src\DataverseExporter.Cli\DataverseExporter.Cli.csproj", "{8F6307EF-4098-4BED-A074-357A5DE163F6}"
EndProject
Project("{FAE04EC0-301F-11D3-BF4B-00C04F79EFBC}") = "DataverseExporter.Explorer", "src\DataverseExporter.Explorer\DataverseExporter.Explorer.csproj", "{65B13480-ECB7-4107-AB56-A3BD2CC02E02}"
EndProject
Global
	GlobalSection(SolutionConfigurationPlatforms) = preSolution
		Debug|Any CPU = Debug|Any CPU
		Release|Any CPU = Release|Any CPU
	EndGlobalSection
	GlobalSection(SolutionProperties) = preSolution
		HideSolutionNode = FALSE
	EndGlobalSection
	GlobalSection(ProjectConfigurationPlatforms) = postSolution
		{D4830484-2DFB-4D87-BB81-6BFFDBF8D217}.Debug|Any CPU.ActiveCfg = Debug|Any CPU
		{D4830484-2DFB-4D87-BB81-6BFFDBF8D217}.Debug|Any CPU.Build.0 = Debug|Any CPU
		{D4830484-2DFB-4D87-BB81-6BFFDBF8D217}.Release|Any CPU.ActiveCfg = Release|Any CPU
		{D4830484-2DFB-4D87-BB81-6BFFDBF8D217}.Release|Any CPU.Build.0 = Release|Any CPU
		{E5EA24AC-9A12-4274-8C84-9791D699FA85}.Debug|Any CPU.ActiveCfg = Debug|Any CPU
		{E5EA24AC-9A12-4274-8C84-9791D699FA85}.Debug|Any CPU.Build.0 = Debug|Any CPU
		{E5EA24AC-9A12-4274-8C84-9791D699FA85}.Release|Any CPU.ActiveCfg = Release|Any CPU
		{E5EA24AC-9A12-4274-8C84-9791D699FA85}.Release|Any CPU.Build.0 = Release|Any CPU
		{8F6307EF-4098-4BED-A074-357A5DE163F6}.Debug|Any CPU.ActiveCfg = Debug|Any CPU
		{8F6307EF-4098-4BED-A074-357A5DE163F6}.Debug|Any CPU.Build.0 = Debug|Any CPU
		{8F6307EF-4098-4BED-A074-357A5DE163F6}.Release|Any CPU.ActiveCfg = Release|Any CPU
		{8F6307EF-4098-4BED-A074-357A5DE163F6}.Release|Any CPU.Build.0 = Release|Any CPU
		{65B13480-ECB7-4107-AB56-A3BD2CC02E02}.Debug|Any CPU.ActiveCfg = Debug|Any CPU
		{65B13480-ECB7-4107-AB56-A3BD2CC02E02}.Debug|Any CPU.Build.0 = Debug|Any CPU
		{65B13480-ECB7-4107-AB56-A3BD2CC02E02}.Release|Any CPU.ActiveCfg = Release|Any CPU
		{65B13480-ECB7-4107-AB56-A3BD2CC02E02}.Release|Any CPU.Build.0 = Release|Any CPU
	EndGlobalSection
	GlobalSection(NestedProjects) = preSolution
		{D4830484-2DFB-4D87-BB81-6BFFDBF8D217} = {C109DC4E-B201-4DF7-A455-3FCB7402BA0D}
		{E5EA24AC-9A12-4274-8C84-9791D699FA85} = {C109DC4E-B201-4DF7-A455-3FCB7402BA0D}
		{8F6307EF-4098-4BED-A074-357A5DE163F6} = {C109DC4E-B201-4DF7-A455-3FCB7402BA0D}
		{65B13480-ECB7-4107-AB56-A3BD2CC02E02} = {C109DC4E-B201-4DF7-A455-3FCB7402BA0D}
	EndGlobalSection
EndGlobal
